
Microsoft Visual Studio Solution File, Format Version 11.00
# Visual C++ Express 2010
Project("{8BC9CEB8-8B4A-11D0-8D11-00A0C91BC942}") = "largeBlur", "DoFDemo.vcxproj", "{FD56F135-E0BE-4A1F-9D96-2833AC1B48D7}"
EndProject
Global
	GlobalSection(SolutionConfigurationPlatforms) = preSolution
		Debug|Win32 = Debug|Win32
		Debug|x64 = Debug|x64
		Release|Win32 = Release|Win32
		Release|x64 = Release|x64
	EndGlobalSection
	GlobalSection(ProjectConfigurationPlatforms) = postSolution
		{FD56F135-E0BE-4A1F-9D96-2833AC1B48D7}.Debug|Win32.ActiveCfg = Debug|Win32
		{FD56F135-E0BE-4A1F-9D96-2833AC1B48D7}.Debug|Win32.Build.0 = Debug|Win32
		{FD56F135-E0BE-4A1F-9D96-2833AC1B48D7}.Debug|x64.ActiveCfg = Debug|x64
		{FD56F135-E0BE-4A1F-9D96-2833AC1B48D7}.Debug|x64.Build.0 = Debug|x64
		{FD56F135-E0BE-4A1F-9D96-2833AC1B48D7}.Release|Win32.ActiveCfg = Release|Win32
		{FD56F135-E0BE-4A1F-9D96-2833AC1B48D7}.Release|Win32.Build.0 = Release|Win32
		{FD56F135-E0BE-4A1F-9D96-2833AC1B48D7}.Release|x64.ActiveCfg = Release|x64
		{FD56F135-E0BE-4A1F-9D96-2833AC1B48D7}.Release|x64.Build.0 = Release|x64
	EndGlobalSection
	GlobalSection(SolutionProperties) = preSolution
		HideSolutionNode = FALSE
	EndGlobalSection
EndGlobal
