
Microsoft Visual Studio Solution File, Format Version 11.00
# Visual C++ Express 2010
Project("{8BC9CEB8-8B4A-11D0-8D11-00A0C91BC942}") = "EWA", "EWA.vcxproj", "{422821C4-9F3C-4866-BE5E-DBA2B213F3A7}"
EndProject
Global
	GlobalSection(SolutionConfigurationPlatforms) = preSolution
		Debug|Win32 = Debug|Win32
		Release|Win32 = Release|Win32
	EndGlobalSection
	GlobalSection(ProjectConfigurationPlatforms) = postSolution
		{422821C4-9F3C-4866-BE5E-DBA2B213F3A7}.Debug|Win32.ActiveCfg = Debug|Win32
		{422821C4-9F3C-4866-BE5E-DBA2B213F3A7}.Debug|Win32.Build.0 = Debug|Win32
		{422821C4-9F3C-4866-BE5E-DBA2B213F3A7}.Release|Win32.ActiveCfg = Release|Win32
		{422821C4-9F3C-4866-BE5E-DBA2B213F3A7}.Release|Win32.Build.0 = Release|Win32
	EndGlobalSection
	GlobalSection(SolutionProperties) = preSolution
		HideSolutionNode = FALSE
	EndGlobalSection
EndGlobal
