<?xml version="1.0" encoding="utf-8"?>
<Project ToolsVersion="4.0" xmlns="http://schemas.microsoft.com/developer/msbuild/2003">
  <ItemGroup>
    <ClInclude Include="src\Scenario.h" />
    <ClInclude Include="src\Graphics\Camera.h">
      <Filter>Graphics</Filter>
    </ClInclude>
    <ClInclude Include="src\Graphics\CommandContext.h">
      <Filter>Graphics</Filter>
    </ClInclude>
    <ClInclude Include="src\Graphics\DescriptorHeap.h">
      <Filter>Graphics</Filter>
    </ClInclude>
    <ClInclude Include="src\Graphics\GraphicsDefines.h">
      <Filter>Graphics</Filter>
    </ClInclude>
    <ClInclude Include="src\Graphics\Shader.h">
      <Filter>Graphics</Filter>
    </ClInclude>
    <ClInclude Include="src\Graphics\TimestampQueryHeap.h">
      <Filter>Graphics</Filter>
    </ClInclude>
    <ClInclude Include="src\Graphics\Input.h">
      <Filter>Graphics</Filter>
    </ClInclude>
    <ClInclude Include="src\Graphics\Timer.h">
      <Filter>Graphics</Filter>
    </ClInclude>
    <ClInclude Include="src\Graphics\Text.h">
      <Filter>Graphics</Filter>
    </ClInclude>
    <ClInclude Include="src\Graphics\Mesh.h">
      <Filter>Graphics</Filter>
    </ClInclude>
    <ClInclude Include="src\ModelSet.h" />
    <ClInclude Include="src\Graphics\GraphicsBase.h">
      <Filter>Graphics</Filter>
    </ClInclude>
    <ClInclude Include="src\Graphics\Graphics.h">
      <Filter>Graphics</Filter>
    </ClInclude>
    <ClInclude Include="src\Graphics\Utilities.h">
      <Filter>Graphics</Filter>
    </ClInclude>
    <ClInclude Include="src\OccluderCollection.h" />
    <ClInclude Include="src\OccludeeCollection.h" />
    <ClInclude Include="src\OccluderMesh.h" />
    <ClInclude Include="src\OcclusionAlgorithm.h" />
    <ClInclude Include="src\DepthGenerator.h" />
    <ClInclude Include="src\AvgUint.h" />
  </ItemGroup>
  <ItemGroup>
    <ClCompile Include="src\main.cpp" />
    <ClCompile Include="src\Scenario.cpp" />
    <ClCompile Include="src\Graphics\Camera.cpp">
      <Filter>Graphics</Filter>
    </ClCompile>
    <ClCompile Include="src\Graphics\CommandContext.cpp">
      <Filter>Graphics</Filter>
    </ClCompile>
    <ClCompile Include="src\Graphics\DescriptorHeap.cpp">
      <Filter>Graphics</Filter>
    </ClCompile>
    <ClCompile Include="src\Graphics\Shader.cpp">
      <Filter>Graphics</Filter>
    </ClCompile>
    <ClCompile Include="src\Graphics\TimestampQueryHeap.cpp">
      <Filter>Graphics</Filter>
    </ClCompile>
    <ClCompile Include="src\Graphics\Input.cpp">
      <Filter>Graphics</Filter>
    </ClCompile>
    <ClCompile Include="src\Graphics\Timer.cpp">
      <Filter>Graphics</Filter>
    </ClCompile>
    <ClCompile Include="src\Graphics\Text.cpp">
      <Filter>Graphics</Filter>
    </ClCompile>
    <ClCompile Include="src\ModelSet.cpp" />
    <ClCompile Include="src\Graphics\GraphicsBase.cpp">
      <Filter>Graphics</Filter>
    </ClCompile>
    <ClCompile Include="src\Graphics\Utilities.cpp">
      <Filter>Graphics</Filter>
    </ClCompile>
    <ClCompile Include="src\OccluderCollection.cpp" />
    <ClCompile Include="src\OccludeeCollection.cpp" />
    <ClCompile Include="src\OccluderMesh.cpp" />
    <ClCompile Include="src\OcclusionAlgorithm.cpp" />
    <ClCompile Include="src\DepthGenerator.cpp" />
  </ItemGroup>
  <ItemGroup>
    <Filter Include="Shaders">
      <UniqueIdentifier>{b6ed14e4-5143-4bc2-be85-6825b7ab6400}</UniqueIdentifier>
    </Filter>
    <Filter Include="Graphics">
      <UniqueIdentifier>{205bb8b5-0592-45ed-b3d8-e551c40aa787}</UniqueIdentifier>
    </Filter>
  </ItemGroup>
  <ItemGroup>
    <FxCompile Include="res\shaders\GroundShader.hlsl">
      <Filter>Shaders</Filter>
    </FxCompile>
    <FxCompile Include="res\shaders\SkyShader.hlsl">
      <Filter>Shaders</Filter>
    </FxCompile>
    <FxCompile Include="res\shaders\DebugDrawDepthShader.hlsl">
      <Filter>Shaders</Filter>
    </FxCompile>
    <FxCompile Include="res\shaders\DebugDrawOccludeeAabbShader.hlsl">
      <Filter>Shaders</Filter>
    </FxCompile>
    <FxCompile Include="res\shaders\CommandBufferGenerationShader.hlsl">
      <Filter>Shaders</Filter>
    </FxCompile>
    <FxCompile Include="res\shaders\DefaultShader.hlsl">
      <Filter>Shaders</Filter>
    </FxCompile>
    <FxCompile Include="res\shaders\DebugDrawOccluderShader.hlsl">
      <Filter>Shaders</Filter>
    </FxCompile>
    <FxCompile Include="res\shaders\InstanceMappingsUpdateShader.hlsl">
      <Filter>Shaders</Filter>
    </FxCompile>
    <FxCompile Include="res\shaders\OcclusionAlgorithmHiZShader.hlsl">
      <Filter>Shaders</Filter>
    </FxCompile>
    <FxCompile Include="res\shaders\OcclusionAlgorithmRasterShader.hlsl">
      <Filter>Shaders</Filter>
    </FxCompile>
    <FxCompile Include="res\shaders\DepthReprojectionShader.hlsl">
      <Filter>Shaders</Filter>
    </FxCompile>
    <FxCompile Include="res\shaders\DepthShader.hlsl">
      <Filter>Shaders</Filter>
    </FxCompile>
    <FxCompile Include="res\shaders\DepthMergingShader.hlsl">
      <Filter>Shaders</Filter>
    </FxCompile>
    <FxCompile Include="res\shaders\DepthDownsamplingShader.hlsl">
      <Filter>Shaders</Filter>
    </FxCompile>
    <FxCompile Include="res\shaders\SilhouetteGenerationShader.hlsl">
      <Filter>Shaders</Filter>
    </FxCompile>
    <FxCompile Include="res\shaders\Noise.hlsl">
      <Filter>Shaders</Filter>
    </FxCompile>
    <FxCompile Include="res\shaders\DepthUpsamplingShader.hlsl">
      <Filter>Shaders</Filter>
    </FxCompile>
  </ItemGroup>
</Project>