<?xml version="1.0" encoding="utf-8"?>
<Project ToolsVersion="4.0" xmlns="http://schemas.microsoft.com/developer/msbuild/2003">
  <ItemGroup>
    <Filter Include="Shaders">
      <UniqueIdentifier>{61328886-cbd6-474f-8d1f-938b63f912c4}</UniqueIdentifier>
    </Filter>
    <Filter Include="DXUT">
      <UniqueIdentifier>{0d284142-fc85-4c2b-b454-7127d4a43b80}</UniqueIdentifier>
    </Filter>
  </ItemGroup>
  <ItemGroup>
    <None Include="FullScreenTriangle.hlsl">
      <Filter>Shaders</Filter>
    </None>
    <None Include="GBuffer.hlsl">
      <Filter>Shaders</Filter>
    </None>
    <None Include="PerFrameConstants.hlsl">
      <Filter>Shaders</Filter>
    </None>
    <None Include="Rendering.hlsl">
      <Filter>Shaders</Filter>
    </None>
    <None Include="BasicLoop.hlsl">
      <Filter>Shaders</Filter>
    </None>
    <None Include="GPUQuad.hlsl">
      <Filter>Shaders</Filter>
    </None>
    <None Include="Forward.hlsl">
      <Filter>Shaders</Filter>
    </None>
    <None Include="FramebufferFlat.hlsl">
      <Filter>Shaders</Filter>
    </None>
    <None Include="GPUQuadDL.hlsl">
      <Filter>Shaders</Filter>
    </None>
  </ItemGroup>
  <ItemGroup>
    <ClCompile Include="DXUT\Core\DXUT.cpp">
      <Filter>DXUT</Filter>
    </ClCompile>
    <ClCompile Include="DXUT\Optional\DXUTcamera.cpp">
      <Filter>DXUT</Filter>
    </ClCompile>
    <ClCompile Include="DXUT\Core\DXUTDevice11.cpp">
      <Filter>DXUT</Filter>
    </ClCompile>
    <ClCompile Include="DXUT\Core\DXUTDevice9.cpp">
      <Filter>DXUT</Filter>
    </ClCompile>
    <ClCompile Include="DXUT\Optional\DXUTgui.cpp">
      <Filter>DXUT</Filter>
    </ClCompile>
    <ClCompile Include="DXUT\Core\DXUTmisc.cpp">
      <Filter>DXUT</Filter>
    </ClCompile>
    <ClCompile Include="DXUT\Optional\DXUTres.cpp">
      <Filter>DXUT</Filter>
    </ClCompile>
    <ClCompile Include="DXUT\Optional\DXUTsettingsdlg.cpp">
      <Filter>DXUT</Filter>
    </ClCompile>
    <ClCompile Include="DXUT\Optional\SDKmesh.cpp">
      <Filter>DXUT</Filter>
    </ClCompile>
    <ClCompile Include="DXUT\Optional\SDKmisc.cpp">
      <Filter>DXUT</Filter>
    </ClCompile>
    <ClCompile Include="App.cpp" />
    <ClCompile Include="main.cpp" />
    <ClCompile Include="Texture2D.cpp" />
    <ClCompile Include="ColorUtil.cpp" />
    <ClCompile Include="Shader.cpp" />
    <ClCompile Include="IntelPowerGadgetLib.cpp" />
  </ItemGroup>
  <ItemGroup>
    <ClInclude Include="DXUT\Core\DXUT.h">
      <Filter>DXUT</Filter>
    </ClInclude>
    <ClInclude Include="DXUT\Optional\DXUTcamera.h">
      <Filter>DXUT</Filter>
    </ClInclude>
    <ClInclude Include="DXUT\Core\DXUTDevice11.h">
      <Filter>DXUT</Filter>
    </ClInclude>
    <ClInclude Include="DXUT\Core\DXUTDevice9.h">
      <Filter>DXUT</Filter>
    </ClInclude>
    <ClInclude Include="DXUT\Optional\DXUTgui.h">
      <Filter>DXUT</Filter>
    </ClInclude>
    <ClInclude Include="DXUT\Core\DXUTmisc.h">
      <Filter>DXUT</Filter>
    </ClInclude>
    <ClInclude Include="DXUT\Optional\DXUTres.h">
      <Filter>DXUT</Filter>
    </ClInclude>
    <ClInclude Include="DXUT\Optional\DXUTsettingsdlg.h">
      <Filter>DXUT</Filter>
    </ClInclude>
    <ClInclude Include="DXUT\Optional\SDKmesh.h">
      <Filter>DXUT</Filter>
    </ClInclude>
    <ClInclude Include="DXUT\Optional\SDKmisc.h">
      <Filter>DXUT</Filter>
    </ClInclude>
    <ClInclude Include="App.h" />
    <ClInclude Include="Texture2D.h" />
    <ClInclude Include="ColorUtil.h" />
    <ClInclude Include="ShaderDefines.h">
      <Filter>Shaders</Filter>
    </ClInclude>
    <ClInclude Include="Shader.h" />
    <ClInclude Include="Buffer.h" />
    <ClInclude Include="IntelPowerGadgetLib.h" />
  </ItemGroup>
  <ItemGroup>
    <CustomBuild Include="ComputeShaderTile.hlsl">
      <Filter>Shaders</Filter>
    </CustomBuild>
    <CustomBuild Include="SkyboxToneMap.hlsl">
      <Filter>Shaders</Filter>
    </CustomBuild>
  </ItemGroup>
</Project>