
Microsoft Visual Studio Solution File, Format Version 10.00
# Visual Studio 2008
Project("{8BC9CEB8-8B4A-11D0-8D11-00A0C91BC942}") = "Crowd", "Crowd.vcproj", "{533409E1-35A7-44FF-A733-7A2BC86BC5C6}"
EndProject
Global
	GlobalSection(SolutionConfigurationPlatforms) = preSolution
		Debug|Win32 = Debug|Win32
		Release|Win32 = Release|Win32
	EndGlobalSection
	GlobalSection(ProjectConfigurationPlatforms) = postSolution
		{533409E1-35A7-44FF-A733-7A2BC86BC5C6}.Debug|Win32.ActiveCfg = Debug|Win32
		{533409E1-35A7-44FF-A733-7A2BC86BC5C6}.Debug|Win32.Build.0 = Debug|Win32
		{533409E1-35A7-44FF-A733-7A2BC86BC5C6}.Release|Win32.ActiveCfg = Release|Win32
		{533409E1-35A7-44FF-A733-7A2BC86BC5C6}.Release|Win32.Build.0 = Release|Win32
	EndGlobalSection
	GlobalSection(SolutionProperties) = preSolution
		HideSolutionNode = FALSE
	EndGlobalSection
EndGlobal
