
Microsoft Visual Studio Solution File, Format Version 12.00
# Visual Studio 2012
Project("{8BC9CEB8-8B4A-11D0-8D11-00A0C91BC942}") = "CloudySky_2012", "CloudySky_2012.vcxproj", "{08459B5C-581A-4041-AD84-32490B6D0CEB}"
EndProject
Project("{8BC9CEB8-8B4A-11D0-8D11-00A0C91BC942}") = "CPUT-DX11", "CPUT\CPUT-DX11_2012.vcxproj", "{8B2DDEDC-A574-4B24-AEC5-03949B5F57BD}"
EndProject
Global
	GlobalSection(SolutionConfigurationPlatforms) = preSolution
		Debug|Win32 = Debug|Win32
		Debug|x64 = Debug|x64
		Release|Win32 = Release|Win32
		Release|x64 = Release|x64
	EndGlobalSection
	GlobalSection(ProjectConfigurationPlatforms) = postSolution
		{08459B5C-581A-4041-AD84-32490B6D0CEB}.Debug|Win32.ActiveCfg = Debug|Win32
		{08459B5C-581A-4041-AD84-32490B6D0CEB}.Debug|Win32.Build.0 = Debug|Win32
		{08459B5C-581A-4041-AD84-32490B6D0CEB}.Debug|x64.ActiveCfg = Debug|x64
		{08459B5C-581A-4041-AD84-32490B6D0CEB}.Debug|x64.Build.0 = Debug|x64
		{08459B5C-581A-4041-AD84-32490B6D0CEB}.Release|Win32.ActiveCfg = Release|Win32
		{08459B5C-581A-4041-AD84-32490B6D0CEB}.Release|Win32.Build.0 = Release|Win32
		{08459B5C-581A-4041-AD84-32490B6D0CEB}.Release|x64.ActiveCfg = Release|x64
		{08459B5C-581A-4041-AD84-32490B6D0CEB}.Release|x64.Build.0 = Release|x64
		{8B2DDEDC-A574-4B24-AEC5-03949B5F57BD}.Debug|Win32.ActiveCfg = Debug|Win32
		{8B2DDEDC-A574-4B24-AEC5-03949B5F57BD}.Debug|Win32.Build.0 = Debug|Win32
		{8B2DDEDC-A574-4B24-AEC5-03949B5F57BD}.Debug|x64.ActiveCfg = Debug|x64
		{8B2DDEDC-A574-4B24-AEC5-03949B5F57BD}.Debug|x64.Build.0 = Debug|x64
		{8B2DDEDC-A574-4B24-AEC5-03949B5F57BD}.Release|Win32.ActiveCfg = Release|Win32
		{8B2DDEDC-A574-4B24-AEC5-03949B5F57BD}.Release|Win32.Build.0 = Release|Win32
		{8B2DDEDC-A574-4B24-AEC5-03949B5F57BD}.Release|x64.ActiveCfg = Release|x64
		{8B2DDEDC-A574-4B24-AEC5-03949B5F57BD}.Release|x64.Build.0 = Release|x64
	EndGlobalSection
	GlobalSection(SolutionProperties) = preSolution
		HideSolutionNode = FALSE
	EndGlobalSection
EndGlobal
