
Microsoft Visual Studio Solution File, Format Version 10.00
# Visual Studio 2008
Project("{8BC9CEB8-8B4A-11D0-8D11-00A0C91BC942}") = "TerrainTessellation", "TerrainTessellation.vcproj", "{54B405D5-E31C-4F1E-AF5D-217D9EE81314}"
EndProject
Global
	GlobalSection(SolutionConfigurationPlatforms) = preSolution
		Debug|Win32 = Debug|Win32
		Release|Win32 = Release|Win32
	EndGlobalSection
	GlobalSection(ProjectConfigurationPlatforms) = postSolution
		{54B405D5-E31C-4F1E-AF5D-217D9EE81314}.Debug|Win32.ActiveCfg = Debug|Win32
		{54B405D5-E31C-4F1E-AF5D-217D9EE81314}.Debug|Win32.Build.0 = Debug|Win32
		{54B405D5-E31C-4F1E-AF5D-217D9EE81314}.Release|Win32.ActiveCfg = Release|Win32
		{54B405D5-E31C-4F1E-AF5D-217D9EE81314}.Release|Win32.Build.0 = Release|Win32
	EndGlobalSection
	GlobalSection(SolutionProperties) = preSolution
		HideSolutionNode = FALSE
	EndGlobalSection
EndGlobal
