
Microsoft Visual Studio Solution File, Format Version 9.00
# Visual Studio 2005
Project("{8BC9CEB8-8B4A-11D0-8D11-00A0C91BC942}") = "LensBlur", "LensBlur\LensBlur.vcproj", "{AC45EF21-1920-4C5A-AB3D-42D89CD39F52}"
EndProject
Project("{8BC9CEB8-8B4A-11D0-8D11-00A0C91BC942}") = "LensBlurGPU", "LensBlurGPU\LensBlurGPU.vcproj", "{377E3CA0-B14C-4E50-8951-450CD8FDC46B}"
EndProject
Global
	GlobalSection(SolutionConfigurationPlatforms) = preSolution
		Debug|Win32 = Debug|Win32
		Release|Win32 = Release|Win32
	EndGlobalSection
	GlobalSection(ProjectConfigurationPlatforms) = postSolution
		{AC45EF21-1920-4C5A-AB3D-42D89CD39F52}.Debug|Win32.ActiveCfg = Debug|Win32
		{AC45EF21-1920-4C5A-AB3D-42D89CD39F52}.Debug|Win32.Build.0 = Debug|Win32
		{AC45EF21-1920-4C5A-AB3D-42D89CD39F52}.Release|Win32.ActiveCfg = Release|Win32
		{AC45EF21-1920-4C5A-AB3D-42D89CD39F52}.Release|Win32.Build.0 = Release|Win32
		{377E3CA0-B14C-4E50-8951-450CD8FDC46B}.Debug|Win32.ActiveCfg = Debug|Win32
		{377E3CA0-B14C-4E50-8951-450CD8FDC46B}.Debug|Win32.Build.0 = Debug|Win32
		{377E3CA0-B14C-4E50-8951-450CD8FDC46B}.Release|Win32.ActiveCfg = Release|Win32
		{377E3CA0-B14C-4E50-8951-450CD8FDC46B}.Release|Win32.Build.0 = Release|Win32
	EndGlobalSection
	GlobalSection(SolutionProperties) = preSolution
		HideSolutionNode = FALSE
	EndGlobalSection
EndGlobal
