
Microsoft Visual Studio Solution File, Format Version 10.00
# Visual Studio 2008
Project("{8BC9CEB8-8B4A-11D0-8D11-00A0C91BC942}") = "SDAA", "SDAA.vcproj", "{67C820B0-FB7D-468E-847C-661AE4EC8DF2}"
EndProject
Global
	GlobalSection(SolutionConfigurationPlatforms) = preSolution
		Debug|Win32 = Debug|Win32
		Release|Win32 = Release|Win32
	EndGlobalSection
	GlobalSection(ProjectConfigurationPlatforms) = postSolution
		{67C820B0-FB7D-468E-847C-661AE4EC8DF2}.Debug|Win32.ActiveCfg = Debug|Win32
		{67C820B0-FB7D-468E-847C-661AE4EC8DF2}.Debug|Win32.Build.0 = Debug|Win32
		{67C820B0-FB7D-468E-847C-661AE4EC8DF2}.Release|Win32.ActiveCfg = Release|Win32
		{67C820B0-FB7D-468E-847C-661AE4EC8DF2}.Release|Win32.Build.0 = Release|Win32
	EndGlobalSection
	GlobalSection(SolutionProperties) = preSolution
		HideSolutionNode = FALSE
	EndGlobalSection
EndGlobal
